PODS:
  - Alamofire (4.0.1)
  - Kingfisher (4.7.0)
  - SwiftyJSON (4.2.0)

DEPENDENCIES:
  - Alamofire (~> 4.0.0)
  - Kingfisher (~> 4.7.0)
  - SwiftyJSON (~> 4.2.0)

SPEC REPOS:
  trunk:
    - Alamofire
    - Kingfisher
    - SwiftyJSON

SPEC CHECKSUMS:
  Alamofire: 7682d43245de14874acd142ec137b144aa1dd335
  Kingfisher: da6b005aa96d37698e3e4f1ccfe96a5b9bbf27d6
  SwiftyJSON: c4bcba26dd9ec7a027fc8eade48e2c911f229e96

PODFILE CHECKSUM: 0f75a7a56976f2fe8024aeccbcfcb38e02d290ac

COCOAPODS: 1.9.1
