// !$*UTF8*$!
{
	archiveVersion = 1;
	classes = {
	};
	objectVersion = 48;
	objects = {

/* Begin PBXBuildFile section */
		C0D0D27F4775710737627DDD /* Pods_SprotiApp.framework in Frameworks */ = {isa = PBXBuildFile; fileRef = 5D15431A37C1E6E31DF45473 /* Pods_SprotiApp.framework */; };
		CB95CC51244CA18E00355DC3 /* Podfile in Resources */ = {isa = PBXBuildFile; fileRef = CB95CC50244CA18E00355DC3 /* Podfile */; };
		CBF14E88244B470E00F14A4A /* AppDelegate.swift in Sources */ = {isa = PBXBuildFile; fileRef = CBF14E87244B470E00F14A4A /* AppDelegate.swift */; };
		CBF14E8D244B470E00F14A4A /* Main.storyboard in Resources */ = {isa = PBXBuildFile; fileRef = CBF14E8B244B470E00F14A4A /* Main.storyboard */; };
		CBF14E90244B470E00F14A4A /* SprotiApp.xcdatamodeld in Sources */ = {isa = PBXBuildFile; fileRef = CBF14E8E244B470E00F14A4A /* SprotiApp.xcdatamodeld */; };
		CBF14E92244B470E00F14A4A /* Assets.xcassets in Resources */ = {isa = PBXBuildFile; fileRef = CBF14E91244B470E00F14A4A /* Assets.xcassets */; };
		CBF14E95244B470E00F14A4A /* LaunchScreen.storyboard in Resources */ = {isa = PBXBuildFile; fileRef = CBF14E93244B470E00F14A4A /* LaunchScreen.storyboard */; };
		CBF14EA3244BAADA00F14A4A /* TeamDetailsViewController.swift in Sources */ = {isa = PBXBuildFile; fileRef = CBF14EA2244BAADA00F14A4A /* TeamDetailsViewController.swift */; };
		DC0FA463244D055A0035E48B /* LeagueDelegate.swift in Sources */ = {isa = PBXBuildFile; fileRef = DC0FA462244D055A0035E48B /* LeagueDelegate.swift */; };
		DC0FA466244D063E0035E48B /* LeaguePresenter.swift in Sources */ = {isa = PBXBuildFile; fileRef = DC0FA465244D063E0035E48B /* LeaguePresenter.swift */; };
		DC0FA46B244D1D0E0035E48B /* LeagueCell.xib in Resources */ = {isa = PBXBuildFile; fileRef = DC0FA469244D1D0E0035E48B /* LeagueCell.xib */; };
		DC0FA46E244D23E40035E48B /* LeagueCell.swift in Sources */ = {isa = PBXBuildFile; fileRef = DC0FA46D244D23E40035E48B /* LeagueCell.swift */; };
		DC0FA470244D44140035E48B /* LeagueDetailDelegate.swift in Sources */ = {isa = PBXBuildFile; fileRef = DC0FA46F244D44140035E48B /* LeagueDetailDelegate.swift */; };
		DC0FA472244D45440035E48B /* Event.swift in Sources */ = {isa = PBXBuildFile; fileRef = DC0FA471244D45440035E48B /* Event.swift */; };
		DC0FA474244D4ACB0035E48B /* LeagueDetailsPresenter.swift in Sources */ = {isa = PBXBuildFile; fileRef = DC0FA473244D4ACB0035E48B /* LeagueDetailsPresenter.swift */; };
		DC5DE929244B814C0070894E /* NetworkServiceProtocol.swift in Sources */ = {isa = PBXBuildFile; fileRef = DC5DE928244B814C0070894E /* NetworkServiceProtocol.swift */; };
		DC5DE92B244B81720070894E /* DatabaseServiceProtocol.swift in Sources */ = {isa = PBXBuildFile; fileRef = DC5DE92A244B81720070894E /* DatabaseServiceProtocol.swift */; };
		DC5DE92E244B81D00070894E /* NetworkService.swift in Sources */ = {isa = PBXBuildFile; fileRef = DC5DE92D244B81D00070894E /* NetworkService.swift */; };
		DC5DE930244B81EA0070894E /* DatabaseService.swift in Sources */ = {isa = PBXBuildFile; fileRef = DC5DE92F244B81EA0070894E /* DatabaseService.swift */; };
		DC5DE935244B826C0070894E /* sport.swift in Sources */ = {isa = PBXBuildFile; fileRef = DC5DE934244B826C0070894E /* sport.swift */; };
		DC5DE937244B829B0070894E /* Parser.swift in Sources */ = {isa = PBXBuildFile; fileRef = DC5DE936244B829B0070894E /* Parser.swift */; };
		DC5DE93A244B95390070894E /* FavouritLeugesViewController.swift in Sources */ = {isa = PBXBuildFile; fileRef = DC5DE939244B95390070894E /* FavouritLeugesViewController.swift */; };
		DC5DE93C244B965B0070894E /* SportViewController.swift in Sources */ = {isa = PBXBuildFile; fileRef = DC5DE93B244B965B0070894E /* SportViewController.swift */; };
		DC5DE93E244B96EF0070894E /* DetailsStoryboard.storyboard in Resources */ = {isa = PBXBuildFile; fileRef = DC5DE93D244B96EF0070894E /* DetailsStoryboard.storyboard */; };
		DC5DE940244B97290070894E /* LeugesViewController.swift in Sources */ = {isa = PBXBuildFile; fileRef = DC5DE93F244B97290070894E /* LeugesViewController.swift */; };
		DC5DE942244B97650070894E /* LeugesDetailsViewController.swift in Sources */ = {isa = PBXBuildFile; fileRef = DC5DE941244B97650070894E /* LeugesDetailsViewController.swift */; };
		DC9968E1244CF4860073EDF1 /* League.swift in Sources */ = {isa = PBXBuildFile; fileRef = DC9968E0244CF4860073EDF1 /* League.swift */; };
		DC9968E3244CF5DB0073EDF1 /* Const.swift in Sources */ = {isa = PBXBuildFile; fileRef = DC9968E2244CF5DB0073EDF1 /* Const.swift */; };
/* End PBXBuildFile section */

/* Begin PBXFileReference section */
		5D15431A37C1E6E31DF45473 /* Pods_SprotiApp.framework */ = {isa = PBXFileReference; explicitFileType = wrapper.framework; includeInIndex = 0; path = Pods_SprotiApp.framework; sourceTree = BUILT_PRODUCTS_DIR; };
		A3C0C984FBD493AD777D5937 /* Pods-SprotiApp.release.xcconfig */ = {isa = PBXFileReference; includeInIndex = 1; lastKnownFileType = text.xcconfig; name = "Pods-SprotiApp.release.xcconfig"; path = "Target Support Files/Pods-SprotiApp/Pods-SprotiApp.release.xcconfig"; sourceTree = "<group>"; };
		C5256EAAC8D624CF89334E9C /* Pods-SprotiApp.debug.xcconfig */ = {isa = PBXFileReference; includeInIndex = 1; lastKnownFileType = text.xcconfig; name = "Pods-SprotiApp.debug.xcconfig"; path = "Target Support Files/Pods-SprotiApp/Pods-SprotiApp.debug.xcconfig"; sourceTree = "<group>"; };
		CB95CC50244CA18E00355DC3 /* Podfile */ = {isa = PBXFileReference; fileEncoding = 4; lastKnownFileType = text; path = Podfile; sourceTree = SOURCE_ROOT; xcLanguageSpecificationIdentifier = xcode.lang.ruby; };
		CBF14E84244B470E00F14A4A /* SprotiApp.app */ = {isa = PBXFileReference; explicitFileType = wrapper.application; includeInIndex = 0; path = SprotiApp.app; sourceTree = BUILT_PRODUCTS_DIR; };
		CBF14E87244B470E00F14A4A /* AppDelegate.swift */ = {isa = PBXFileReference; lastKnownFileType = sourcecode.swift; path = AppDelegate.swift; sourceTree = "<group>"; };
		CBF14E8C244B470E00F14A4A /* Base */ = {isa = PBXFileReference; lastKnownFileType = file.storyboard; name = Base; path = Base.lproj/Main.storyboard; sourceTree = "<group>"; };
		CBF14E8F244B470E00F14A4A /* SprotiApp.xcdatamodel */ = {isa = PBXFileReference; lastKnownFileType = wrapper.xcdatamodel; path = SprotiApp.xcdatamodel; sourceTree = "<group>"; };
		CBF14E91244B470E00F14A4A /* Assets.xcassets */ = {isa = PBXFileReference; lastKnownFileType = folder.assetcatalog; path = Assets.xcassets; sourceTree = "<group>"; };
		CBF14E94244B470E00F14A4A /* Base */ = {isa = PBXFileReference; lastKnownFileType = file.storyboard; name = Base; path = Base.lproj/LaunchScreen.storyboard; sourceTree = "<group>"; };
		CBF14E96244B470E00F14A4A /* Info.plist */ = {isa = PBXFileReference; lastKnownFileType = text.plist.xml; path = Info.plist; sourceTree = "<group>"; };
		CBF14EA2244BAADA00F14A4A /* TeamDetailsViewController.swift */ = {isa = PBXFileReference; lastKnownFileType = sourcecode.swift; path = TeamDetailsViewController.swift; sourceTree = "<group>"; };
		DC0FA462244D055A0035E48B /* LeagueDelegate.swift */ = {isa = PBXFileReference; lastKnownFileType = sourcecode.swift; path = LeagueDelegate.swift; sourceTree = "<group>"; };
		DC0FA465244D063E0035E48B /* LeaguePresenter.swift */ = {isa = PBXFileReference; lastKnownFileType = sourcecode.swift; path = LeaguePresenter.swift; sourceTree = "<group>"; };
		DC0FA469244D1D0E0035E48B /* LeagueCell.xib */ = {isa = PBXFileReference; lastKnownFileType = file.xib; path = LeagueCell.xib; sourceTree = "<group>"; };
		DC0FA46D244D23E40035E48B /* LeagueCell.swift */ = {isa = PBXFileReference; fileEncoding = 4; lastKnownFileType = sourcecode.swift; path = LeagueCell.swift; sourceTree = "<group>"; };
		DC0FA46F244D44140035E48B /* LeagueDetailDelegate.swift */ = {isa = PBXFileReference; lastKnownFileType = sourcecode.swift; path = LeagueDetailDelegate.swift; sourceTree = "<group>"; };
		DC0FA471244D45440035E48B /* Event.swift */ = {isa = PBXFileReference; lastKnownFileType = sourcecode.swift; path = Event.swift; sourceTree = "<group>"; };
		DC0FA473244D4ACB0035E48B /* LeagueDetailsPresenter.swift */ = {isa = PBXFileReference; lastKnownFileType = sourcecode.swift; path = LeagueDetailsPresenter.swift; sourceTree = "<group>"; };
		DC5DE928244B814C0070894E /* NetworkServiceProtocol.swift */ = {isa = PBXFileReference; lastKnownFileType = sourcecode.swift; path = NetworkServiceProtocol.swift; sourceTree = "<group>"; };
		DC5DE92A244B81720070894E /* DatabaseServiceProtocol.swift */ = {isa = PBXFileReference; lastKnownFileType = sourcecode.swift; path = DatabaseServiceProtocol.swift; sourceTree = "<group>"; };
		DC5DE92D244B81D00070894E /* NetworkService.swift */ = {isa = PBXFileReference; lastKnownFileType = sourcecode.swift; path = NetworkService.swift; sourceTree = "<group>"; };
		DC5DE92F244B81EA0070894E /* DatabaseService.swift */ = {isa = PBXFileReference; lastKnownFileType = sourcecode.swift; path = DatabaseService.swift; sourceTree = "<group>"; };
		DC5DE934244B826C0070894E /* sport.swift */ = {isa = PBXFileReference; lastKnownFileType = sourcecode.swift; path = sport.swift; sourceTree = "<group>"; };
		DC5DE936244B829B0070894E /* Parser.swift */ = {isa = PBXFileReference; lastKnownFileType = sourcecode.swift; path = Parser.swift; sourceTree = "<group>"; };
		DC5DE939244B95390070894E /* FavouritLeugesViewController.swift */ = {isa = PBXFileReference; lastKnownFileType = sourcecode.swift; path = FavouritLeugesViewController.swift; sourceTree = "<group>"; };
		DC5DE93B244B965B0070894E /* SportViewController.swift */ = {isa = PBXFileReference; lastKnownFileType = sourcecode.swift; path = SportViewController.swift; sourceTree = "<group>"; };
		DC5DE93D244B96EF0070894E /* DetailsStoryboard.storyboard */ = {isa = PBXFileReference; lastKnownFileType = file.storyboard; path = DetailsStoryboard.storyboard; sourceTree = "<group>"; };
		DC5DE93F244B97290070894E /* LeugesViewController.swift */ = {isa = PBXFileReference; lastKnownFileType = sourcecode.swift; path = LeugesViewController.swift; sourceTree = "<group>"; };
		DC5DE941244B97650070894E /* LeugesDetailsViewController.swift */ = {isa = PBXFileReference; lastKnownFileType = sourcecode.swift; path = LeugesDetailsViewController.swift; sourceTree = "<group>"; };
		DC9968E0244CF4860073EDF1 /* League.swift */ = {isa = PBXFileReference; lastKnownFileType = sourcecode.swift; path = League.swift; sourceTree = "<group>"; };
		DC9968E2244CF5DB0073EDF1 /* Const.swift */ = {isa = PBXFileReference; lastKnownFileType = sourcecode.swift; path = Const.swift; sourceTree = "<group>"; };
/* End PBXFileReference section */

/* Begin PBXFrameworksBuildPhase section */
		CBF14E81244B470E00F14A4A /* Frameworks */ = {
			isa = PBXFrameworksBuildPhase;
			buildActionMask = 2147483647;
			files = (
				C0D0D27F4775710737627DDD /* Pods_SprotiApp.framework in Frameworks */,
			);
			runOnlyForDeploymentPostprocessing = 0;
		};
/* End PBXFrameworksBuildPhase section */

/* Begin PBXGroup section */
		3B600168E62F19365C0ED09A /* Pods */ = {
			isa = PBXGroup;
			children = (
				C5256EAAC8D624CF89334E9C /* Pods-SprotiApp.debug.xcconfig */,
				A3C0C984FBD493AD777D5937 /* Pods-SprotiApp.release.xcconfig */,
			);
			path = Pods;
			sourceTree = "<group>";
		};
		A39CEFEE0219E0D76A24B359 /* Frameworks */ = {
			isa = PBXGroup;
			children = (
				5D15431A37C1E6E31DF45473 /* Pods_SprotiApp.framework */,
			);
			name = Frameworks;
			sourceTree = "<group>";
		};
		CBF14E7B244B470E00F14A4A = {
			isa = PBXGroup;
			children = (
				CB95CC50244CA18E00355DC3 /* Podfile */,
				CBF14E86244B470E00F14A4A /* SprotiApp */,
				CBF14E85244B470E00F14A4A /* Products */,
				3B600168E62F19365C0ED09A /* Pods */,
				A39CEFEE0219E0D76A24B359 /* Frameworks */,
			);
			sourceTree = "<group>";
		};
		CBF14E85244B470E00F14A4A /* Products */ = {
			isa = PBXGroup;
			children = (
				CBF14E84244B470E00F14A4A /* SprotiApp.app */,
			);
			name = Products;
			sourceTree = "<group>";
		};
		CBF14E86244B470E00F14A4A /* SprotiApp */ = {
			isa = PBXGroup;
			children = (
				DC0FA464244D06240035E48B /* presenters */,
				DC5DE938244B95050070894E /* views */,
				DC5DE932244B82410070894E /* utils */,
				DC5DE931244B82310070894E /* storyboards */,
				DC5DE92C244B819F0070894E /* protocols */,
				DC5DE927244B7F5D0070894E /* services */,
				DC5DE925244B7F360070894E /* model */,
				CBF14E87244B470E00F14A4A /* AppDelegate.swift */,
				CBF14E91244B470E00F14A4A /* Assets.xcassets */,
				CBF14E96244B470E00F14A4A /* Info.plist */,
				CBF14E8E244B470E00F14A4A /* SprotiApp.xcdatamodeld */,
				DC9968E2244CF5DB0073EDF1 /* Const.swift */,
			);
			path = SprotiApp;
			sourceTree = "<group>";
		};
		DC0FA461244D05180035E48B /* view_delegates */ = {
			isa = PBXGroup;
			children = (
				DC0FA462244D055A0035E48B /* LeagueDelegate.swift */,
				DC0FA46F244D44140035E48B /* LeagueDetailDelegate.swift */,
			);
			path = view_delegates;
			sourceTree = "<group>";
		};
		DC0FA464244D06240035E48B /* presenters */ = {
			isa = PBXGroup;
			children = (
				DC0FA465244D063E0035E48B /* LeaguePresenter.swift */,
				DC0FA473244D4ACB0035E48B /* LeagueDetailsPresenter.swift */,
			);
			path = presenters;
			sourceTree = "<group>";
		};
		DC0FA467244D1CD50035E48B /* cells */ = {
			isa = PBXGroup;
			children = (
				DC0FA46C244D1D1D0035E48B /* League */,
			);
			path = cells;
			sourceTree = "<group>";
		};
		DC0FA46C244D1D1D0035E48B /* League */ = {
			isa = PBXGroup;
			children = (
				DC0FA46D244D23E40035E48B /* LeagueCell.swift */,
				DC0FA469244D1D0E0035E48B /* LeagueCell.xib */,
			);
			path = League;
			sourceTree = "<group>";
		};
		DC5DE925244B7F360070894E /* model */ = {
			isa = PBXGroup;
			children = (
				DC5DE934244B826C0070894E /* sport.swift */,
				DC9968E0244CF4860073EDF1 /* League.swift */,
				DC0FA471244D45440035E48B /* Event.swift */,
			);
			path = model;
			sourceTree = "<group>";
		};
		DC5DE927244B7F5D0070894E /* services */ = {
			isa = PBXGroup;
			children = (
				DC5DE92D244B81D00070894E /* NetworkService.swift */,
				DC5DE92F244B81EA0070894E /* DatabaseService.swift */,
			);
			path = services;
			sourceTree = "<group>";
		};
		DC5DE92C244B819F0070894E /* protocols */ = {
			isa = PBXGroup;
			children = (
				DC0FA461244D05180035E48B /* view_delegates */,
				DC5DE928244B814C0070894E /* NetworkServiceProtocol.swift */,
				DC5DE92A244B81720070894E /* DatabaseServiceProtocol.swift */,
			);
			path = protocols;
			sourceTree = "<group>";
		};
		DC5DE931244B82310070894E /* storyboards */ = {
			isa = PBXGroup;
			children = (
				CBF14E93244B470E00F14A4A /* LaunchScreen.storyboard */,
				CBF14E8B244B470E00F14A4A /* Main.storyboard */,
				DC5DE93D244B96EF0070894E /* DetailsStoryboard.storyboard */,
			);
			path = storyboards;
			sourceTree = "<group>";
		};
		DC5DE932244B82410070894E /* utils */ = {
			isa = PBXGroup;
			children = (
				DC5DE936244B829B0070894E /* Parser.swift */,
			);
			path = utils;
			sourceTree = "<group>";
		};
		DC5DE938244B95050070894E /* views */ = {
			isa = PBXGroup;
			children = (
				DC0FA467244D1CD50035E48B /* cells */,
				DC5DE939244B95390070894E /* FavouritLeugesViewController.swift */,
				DC5DE93B244B965B0070894E /* SportViewController.swift */,
				DC5DE93F244B97290070894E /* LeugesViewController.swift */,
				DC5DE941244B97650070894E /* LeugesDetailsViewController.swift */,
				CBF14EA2244BAADA00F14A4A /* TeamDetailsViewController.swift */,
			);
			path = views;
			sourceTree = "<group>";
		};
/* End PBXGroup section */

/* Begin PBXNativeTarget section */
		CBF14E83244B470E00F14A4A /* SprotiApp */ = {
			isa = PBXNativeTarget;
			buildConfigurationList = CBF14E99244B470E00F14A4A /* Build configuration list for PBXNativeTarget "SprotiApp" */;
			buildPhases = (
				FF1DB66FDB4F5B453692C0A7 /* [CP] Check Pods Manifest.lock */,
				CBF14E80244B470E00F14A4A /* Sources */,
				CBF14E81244B470E00F14A4A /* Frameworks */,
				CBF14E82244B470E00F14A4A /* Resources */,
				7DB698ED4BF0F0829538B951 /* [CP] Embed Pods Frameworks */,
			);
			buildRules = (
			);
			dependencies = (
			);
			name = SprotiApp;
			productName = SprotiApp;
			productReference = CBF14E84244B470E00F14A4A /* SprotiApp.app */;
			productType = "com.apple.product-type.application";
		};
/* End PBXNativeTarget section */

/* Begin PBXProject section */
		CBF14E7C244B470E00F14A4A /* Project object */ = {
			isa = PBXProject;
			attributes = {
				LastSwiftUpdateCheck = 0920;
				LastUpgradeCheck = 0920;
				ORGANIZATIONNAME = saraMohamed;
				TargetAttributes = {
					CBF14E83244B470E00F14A4A = {
						CreatedOnToolsVersion = 9.2;
						ProvisioningStyle = Automatic;
					};
				};
			};
			buildConfigurationList = CBF14E7F244B470E00F14A4A /* Build configuration list for PBXProject "SprotiApp" */;
			compatibilityVersion = "Xcode 8.0";
			developmentRegion = en;
			hasScannedForEncodings = 0;
			knownRegions = (
				en,
				Base,
			);
			mainGroup = CBF14E7B244B470E00F14A4A;
			productRefGroup = CBF14E85244B470E00F14A4A /* Products */;
			projectDirPath = "";
			projectRoot = "";
			targets = (
				CBF14E83244B470E00F14A4A /* SprotiApp */,
			);
		};
/* End PBXProject section */

/* Begin PBXResourcesBuildPhase section */
		CBF14E82244B470E00F14A4A /* Resources */ = {
			isa = PBXResourcesBuildPhase;
			buildActionMask = 2147483647;
			files = (
				CB95CC51244CA18E00355DC3 /* Podfile in Resources */,
				CBF14E95244B470E00F14A4A /* LaunchScreen.storyboard in Resources */,
				DC0FA46B244D1D0E0035E48B /* LeagueCell.xib in Resources */,
				CBF14E92244B470E00F14A4A /* Assets.xcassets in Resources */,
				DC5DE93E244B96EF0070894E /* DetailsStoryboard.storyboard in Resources */,
				CBF14E8D244B470E00F14A4A /* Main.storyboard in Resources */,
			);
			runOnlyForDeploymentPostprocessing = 0;
		};
/* End PBXResourcesBuildPhase section */

/* Begin PBXShellScriptBuildPhase section */
		7DB698ED4BF0F0829538B951 /* [CP] Embed Pods Frameworks */ = {
			isa = PBXShellScriptBuildPhase;
			buildActionMask = 2147483647;
			files = (
			);
			inputPaths = (
				"${PODS_ROOT}/Target Support Files/Pods-SprotiApp/Pods-SprotiApp-frameworks.sh",
				"${BUILT_PRODUCTS_DIR}/Alamofire/Alamofire.framework",
				"${BUILT_PRODUCTS_DIR}/Kingfisher/Kingfisher.framework",
				"${BUILT_PRODUCTS_DIR}/SwiftyJSON/SwiftyJSON.framework",
			);
			name = "[CP] Embed Pods Frameworks";
			outputPaths = (
				"${TARGET_BUILD_DIR}/${FRAMEWORKS_FOLDER_PATH}/Alamofire.framework",
				"${TARGET_BUILD_DIR}/${FRAMEWORKS_FOLDER_PATH}/Kingfisher.framework",
				"${TARGET_BUILD_DIR}/${FRAMEWORKS_FOLDER_PATH}/SwiftyJSON.framework",
			);
			runOnlyForDeploymentPostprocessing = 0;
			shellPath = /bin/sh;
			shellScript = "\"${PODS_ROOT}/Target Support Files/Pods-SprotiApp/Pods-SprotiApp-frameworks.sh\"\n";
			showEnvVarsInLog = 0;
		};
		FF1DB66FDB4F5B453692C0A7 /* [CP] Check Pods Manifest.lock */ = {
			isa = PBXShellScriptBuildPhase;
			buildActionMask = 2147483647;
			files = (
			);
			inputPaths = (
				"${PODS_PODFILE_DIR_PATH}/Podfile.lock",
				"${PODS_ROOT}/Manifest.lock",
			);
			name = "[CP] Check Pods Manifest.lock";
			outputPaths = (
				"$(DERIVED_FILE_DIR)/Pods-SprotiApp-checkManifestLockResult.txt",
			);
			runOnlyForDeploymentPostprocessing = 0;
			shellPath = /bin/sh;
			shellScript = "diff \"${PODS_PODFILE_DIR_PATH}/Podfile.lock\" \"${PODS_ROOT}/Manifest.lock\" > /dev/null\nif [ $? != 0 ] ; then\n    # print error to STDERR\n    echo \"error: The sandbox is not in sync with the Podfile.lock. Run 'pod install' or update your CocoaPods installation.\" >&2\n    exit 1\nfi\n# This output is used by Xcode 'outputs' to avoid re-running this script phase.\necho \"SUCCESS\" > \"${SCRIPT_OUTPUT_FILE_0}\"\n";
			showEnvVarsInLog = 0;
		};
/* End PBXShellScriptBuildPhase section */

/* Begin PBXSourcesBuildPhase section */
		CBF14E80244B470E00F14A4A /* Sources */ = {
			isa = PBXSourcesBuildPhase;
			buildActionMask = 2147483647;
			files = (
				DC9968E1244CF4860073EDF1 /* League.swift in Sources */,
				CBF14E90244B470E00F14A4A /* SprotiApp.xcdatamodeld in Sources */,
				DC5DE930244B81EA0070894E /* DatabaseService.swift in Sources */,
				CBF14EA3244BAADA00F14A4A /* TeamDetailsViewController.swift in Sources */,
				DC0FA474244D4ACB0035E48B /* LeagueDetailsPresenter.swift in Sources */,
				DC0FA472244D45440035E48B /* Event.swift in Sources */,
				DC0FA46E244D23E40035E48B /* LeagueCell.swift in Sources */,
				DC5DE92B244B81720070894E /* DatabaseServiceProtocol.swift in Sources */,
				DC5DE93C244B965B0070894E /* SportViewController.swift in Sources */,
				DC5DE929244B814C0070894E /* NetworkServiceProtocol.swift in Sources */,
				DC0FA466244D063E0035E48B /* LeaguePresenter.swift in Sources */,
				DC5DE937244B829B0070894E /* Parser.swift in Sources */,
				DC5DE942244B97650070894E /* LeugesDetailsViewController.swift in Sources */,
				DC5DE92E244B81D00070894E /* NetworkService.swift in Sources */,
				DC5DE940244B97290070894E /* LeugesViewController.swift in Sources */,
				DC5DE93A244B95390070894E /* FavouritLeugesViewController.swift in Sources */,
				DC5DE935244B826C0070894E /* sport.swift in Sources */,
				DC0FA470244D44140035E48B /* LeagueDetailDelegate.swift in Sources */,
				DC0FA463244D055A0035E48B /* LeagueDelegate.swift in Sources */,
				CBF14E88244B470E00F14A4A /* AppDelegate.swift in Sources */,
				DC9968E3244CF5DB0073EDF1 /* Const.swift in Sources */,
			);
			runOnlyForDeploymentPostprocessing = 0;
		};
/* End PBXSourcesBuildPhase section */

/* Begin PBXVariantGroup section */
		CBF14E8B244B470E00F14A4A /* Main.storyboard */ = {
			isa = PBXVariantGroup;
			children = (
				CBF14E8C244B470E00F14A4A /* Base */,
			);
			name = Main.storyboard;
			sourceTree = "<group>";
		};
		CBF14E93244B470E00F14A4A /* LaunchScreen.storyboard */ = {
			isa = PBXVariantGroup;
			children = (
				CBF14E94244B470E00F14A4A /* Base */,
			);
			name = LaunchScreen.storyboard;
			sourceTree = "<group>";
		};
/* End PBXVariantGroup section */

/* Begin XCBuildConfiguration section */
		CBF14E97244B470E00F14A4A /* Debug */ = {
			isa = XCBuildConfiguration;
			buildSettings = {
				ALWAYS_SEARCH_USER_PATHS = NO;
				CLANG_ANALYZER_NONNULL = YES;
				CLANG_ANALYZER_NUMBER_OBJECT_CONVERSION = YES_AGGRESSIVE;
				CLANG_CXX_LANGUAGE_STANDARD = "gnu++14";
				CLANG_CXX_LIBRARY = "libc++";
				CLANG_ENABLE_MODULES = YES;
				CLANG_ENABLE_OBJC_ARC = YES;
				CLANG_WARN_BLOCK_CAPTURE_AUTORELEASING = YES;
				CLANG_WARN_BOOL_CONVERSION = YES;
				CLANG_WARN_COMMA = YES;
				CLANG_WARN_CONSTANT_CONVERSION = YES;
				CLANG_WARN_DIRECT_OBJC_ISA_USAGE = YES_ERROR;
				CLANG_WARN_DOCUMENTATION_COMMENTS = YES;
				CLANG_WARN_EMPTY_BODY = YES;
				CLANG_WARN_ENUM_CONVERSION = YES;
				CLANG_WARN_INFINITE_RECURSION = YES;
				CLANG_WARN_INT_CONVERSION = YES;
				CLANG_WARN_NON_LITERAL_NULL_CONVERSION = YES;
				CLANG_WARN_OBJC_LITERAL_CONVERSION = YES;
				CLANG_WARN_OBJC_ROOT_CLASS = YES_ERROR;
				CLANG_WARN_RANGE_LOOP_ANALYSIS = YES;
				CLANG_WARN_STRICT_PROTOTYPES = YES;
				CLANG_WARN_SUSPICIOUS_MOVE = YES;
				CLANG_WARN_UNGUARDED_AVAILABILITY = YES_AGGRESSIVE;
				CLANG_WARN_UNREACHABLE_CODE = YES;
				CLANG_WARN__DUPLICATE_METHOD_MATCH = YES;
				CODE_SIGN_IDENTITY = "iPhone Developer";
				COPY_PHASE_STRIP = NO;
				DEBUG_INFORMATION_FORMAT = dwarf;
				ENABLE_STRICT_OBJC_MSGSEND = YES;
				ENABLE_TESTABILITY = YES;
				GCC_C_LANGUAGE_STANDARD = gnu11;
				GCC_DYNAMIC_NO_PIC = NO;
				GCC_NO_COMMON_BLOCKS = YES;
				GCC_OPTIMIZATION_LEVEL = 0;
				GCC_PREPROCESSOR_DEFINITIONS = (
					"DEBUG=1",
					"$(inherited)",
				);
				GCC_WARN_64_TO_32_BIT_CONVERSION = YES;
				GCC_WARN_ABOUT_RETURN_TYPE = YES_ERROR;
				GCC_WARN_UNDECLARED_SELECTOR = YES;
				GCC_WARN_UNINITIALIZED_AUTOS = YES_AGGRESSIVE;
				GCC_WARN_UNUSED_FUNCTION = YES;
				GCC_WARN_UNUSED_VARIABLE = YES;
				IPHONEOS_DEPLOYMENT_TARGET = 11.2;
				MTL_ENABLE_DEBUG_INFO = YES;
				ONLY_ACTIVE_ARCH = YES;
				SDKROOT = iphoneos;
				SWIFT_ACTIVE_COMPILATION_CONDITIONS = DEBUG;
				SWIFT_OPTIMIZATION_LEVEL = "-Onone";
			};
			name = Debug;
		};
		CBF14E98244B470E00F14A4A /* Release */ = {
			isa = XCBuildConfiguration;
			buildSettings = {
				ALWAYS_SEARCH_USER_PATHS = NO;
				CLANG_ANALYZER_NONNULL = YES;
				CLANG_ANALYZER_NUMBER_OBJECT_CONVERSION = YES_AGGRESSIVE;
				CLANG_CXX_LANGUAGE_STANDARD = "gnu++14";
				CLANG_CXX_LIBRARY = "libc++";
				CLANG_ENABLE_MODULES = YES;
				CLANG_ENABLE_OBJC_ARC = YES;
				CLANG_WARN_BLOCK_CAPTURE_AUTORELEASING = YES;
				CLANG_WARN_BOOL_CONVERSION = YES;
				CLANG_WARN_COMMA = YES;
				CLANG_WARN_CONSTANT_CONVERSION = YES;
				CLANG_WARN_DIRECT_OBJC_ISA_USAGE = YES_ERROR;
				CLANG_WARN_DOCUMENTATION_COMMENTS = YES;
				CLANG_WARN_EMPTY_BODY = YES;
				CLANG_WARN_ENUM_CONVERSION = YES;
				CLANG_WARN_INFINITE_RECURSION = YES;
				CLANG_WARN_INT_CONVERSION = YES;
				CLANG_WARN_NON_LITERAL_NULL_CONVERSION = YES;
				CLANG_WARN_OBJC_LITERAL_CONVERSION = YES;
				CLANG_WARN_OBJC_ROOT_CLASS = YES_ERROR;
				CLANG_WARN_RANGE_LOOP_ANALYSIS = YES;
				CLANG_WARN_STRICT_PROTOTYPES = YES;
				CLANG_WARN_SUSPICIOUS_MOVE = YES;
				CLANG_WARN_UNGUARDED_AVAILABILITY = YES_AGGRESSIVE;
				CLANG_WARN_UNREACHABLE_CODE = YES;
				CLANG_WARN__DUPLICATE_METHOD_MATCH = YES;
				CODE_SIGN_IDENTITY = "iPhone Developer";
				COPY_PHASE_STRIP = NO;
				DEBUG_INFORMATION_FORMAT = "dwarf-with-dsym";
				ENABLE_NS_ASSERTIONS = NO;
				ENABLE_STRICT_OBJC_MSGSEND = YES;
				GCC_C_LANGUAGE_STANDARD = gnu11;
				GCC_NO_COMMON_BLOCKS = YES;
				GCC_WARN_64_TO_32_BIT_CONVERSION = YES;
				GCC_WARN_ABOUT_RETURN_TYPE = YES_ERROR;
				GCC_WARN_UNDECLARED_SELECTOR = YES;
				GCC_WARN_UNINITIALIZED_AUTOS = YES_AGGRESSIVE;
				GCC_WARN_UNUSED_FUNCTION = YES;
				GCC_WARN_UNUSED_VARIABLE = YES;
				IPHONEOS_DEPLOYMENT_TARGET = 11.2;
				MTL_ENABLE_DEBUG_INFO = NO;
				SDKROOT = iphoneos;
				SWIFT_OPTIMIZATION_LEVEL = "-Owholemodule";
				VALIDATE_PRODUCT = YES;
			};
			name = Release;
		};
		CBF14E9A244B470E00F14A4A /* Debug */ = {
			isa = XCBuildConfiguration;
			baseConfigurationReference = C5256EAAC8D624CF89334E9C /* Pods-SprotiApp.debug.xcconfig */;
			buildSettings = {
				ASSETCATALOG_COMPILER_APPICON_NAME = AppIcon;
				CODE_SIGN_STYLE = Automatic;
				INFOPLIST_FILE = SprotiApp/Info.plist;
				LD_RUNPATH_SEARCH_PATHS = "$(inherited) @executable_path/Frameworks";
				PRODUCT_BUNDLE_IDENTIFIER = com.sara.SprotiApp;
				PRODUCT_NAME = "$(TARGET_NAME)";
				SWIFT_VERSION = 4.0;
				TARGETED_DEVICE_FAMILY = "1,2";
			};
			name = Debug;
		};
		CBF14E9B244B470E00F14A4A /* Release */ = {
			isa = XCBuildConfiguration;
			baseConfigurationReference = A3C0C984FBD493AD777D5937 /* Pods-SprotiApp.release.xcconfig */;
			buildSettings = {
				ASSETCATALOG_COMPILER_APPICON_NAME = AppIcon;
				CODE_SIGN_STYLE = Automatic;
				INFOPLIST_FILE = SprotiApp/Info.plist;
				LD_RUNPATH_SEARCH_PATHS = "$(inherited) @executable_path/Frameworks";
				PRODUCT_BUNDLE_IDENTIFIER = com.sara.SprotiApp;
				PRODUCT_NAME = "$(TARGET_NAME)";
				SWIFT_VERSION = 4.0;
				TARGETED_DEVICE_FAMILY = "1,2";
			};
			name = Release;
		};
/* End XCBuildConfiguration section */

/* Begin XCConfigurationList section */
		CBF14E7F244B470E00F14A4A /* Build configuration list for PBXProject "SprotiApp" */ = {
			isa = XCConfigurationList;
			buildConfigurations = (
				CBF14E97244B470E00F14A4A /* Debug */,
				CBF14E98244B470E00F14A4A /* Release */,
			);
			defaultConfigurationIsVisible = 0;
			defaultConfigurationName = Release;
		};
		CBF14E99244B470E00F14A4A /* Build configuration list for PBXNativeTarget "SprotiApp" */ = {
			isa = XCConfigurationList;
			buildConfigurations = (
				CBF14E9A244B470E00F14A4A /* Debug */,
				CBF14E9B244B470E00F14A4A /* Release */,
			);
			defaultConfigurationIsVisible = 0;
			defaultConfigurationName = Release;
		};
/* End XCConfigurationList section */

/* Begin XCVersionGroup section */
		CBF14E8E244B470E00F14A4A /* SprotiApp.xcdatamodeld */ = {
			isa = XCVersionGroup;
			children = (
				CBF14E8F244B470E00F14A4A /* SprotiApp.xcdatamodel */,
			);
			currentVersion = CBF14E8F244B470E00F14A4A /* SprotiApp.xcdatamodel */;
			path = SprotiApp.xcdatamodeld;
			sourceTree = "<group>";
			versionGroupType = wrapper.xcdatamodel;
		};
/* End XCVersionGroup section */
	};
	rootObject = CBF14E7C244B470E00F14A4A /* Project object */;
}
